{
  "name": "npmbugtestrepo",
  "version": "1.0.0",
  "lockfileVersion": 3,
  "requires": true,
  "packages": {
    "": {
      "name": "npmbugtestrepo",
      "version": "1.0.0",
      "license": "MIT",
      "dependencies": {
        "@proj/source": "github:JustAnotherJavaProgrammer/NpmBugTestRepoDependency#main"
      }
    },
    "node_modules/@proj/source": {
      "version": "1.0.0",
      "resolved": "git+ssh://git@github.com/JustAnotherJavaProgrammer/NpmBugTestRepoDependency.git#ce6d296af0c5c226a8fa6ee5a26499502ef43bad",
      "license": "MIT"
    }
  }
}
